// !$*UTF8*$!
{
	archiveVersion = 1;
	classes = {
	};
	objectVersion = 50;
	objects = {

/* Begin PBXBuildFile section */
		6E4D79C52187591A00F8EEA0 /* AppDelegate.swift in Sources */ = {isa = PBXBuildFile; fileRef = 6E4D79C42187591A00F8EEA0 /* AppDelegate.swift */; };
		6E4D79C72187591A00F8EEA0 /* ViewController.swift in Sources */ = {isa = PBXBuildFile; fileRef = 6E4D79C62187591A00F8EEA0 /* ViewController.swift */; };
		6E4D79CA2187591A00F8EEA0 /* Main.storyboard in Resources */ = {isa = PBXBuildFile; fileRef = 6E4D79C82187591A00F8EEA0 /* Main.storyboard */; };
		6E4D79CC2187591C00F8EEA0 /* Assets.xcassets in Resources */ = {isa = PBXBuildFile; fileRef = 6E4D79CB2187591C00F8EEA0 /* Assets.xcassets */; };
		6E4D79CF2187591C00F8EEA0 /* LaunchScreen.storyboard in Resources */ = {isa = PBXBuildFile; fileRef = 6E4D79CD2187591C00F8EEA0 /* LaunchScreen.storyboard */; };
		6E4D79D721875DD900F8EEA0 /* ProfileViewController.swift in Sources */ = {isa = PBXBuildFile; fileRef = 6E4D79D621875DD900F8EEA0 /* ProfileViewController.swift */; };
		6E6835F3218CA2AB00D6D7B2 /* AdminViewController.swift in Sources */ = {isa = PBXBuildFile; fileRef = 6E6835F2218CA2AB00D6D7B2 /* AdminViewController.swift */; };
		6EA773E32195E8700069814B /* GoogleService-Info.plist in Resources */ = {isa = PBXBuildFile; fileRef = 6EA773E22195E8700069814B /* GoogleService-Info.plist */; };
		6EB6C79A21F2335800AF143A /* NotificationService.swift in Sources */ = {isa = PBXBuildFile; fileRef = 6EB6C79921F2335800AF143A /* NotificationService.swift */; };
		6EB6C79E21F2335800AF143A /* NotificationCenter.appex in Embed App Extensions */ = {isa = PBXBuildFile; fileRef = 6EB6C79721F2335800AF143A /* NotificationCenter.appex */; settings = {ATTRIBUTES = (RemoveHeadersOnCopy, ); }; };
		6ED6FCC421E6622300A5E535 /* GoogleService-Info (2).plist in Resources */ = {isa = PBXBuildFile; fileRef = 6ED6FCC321E6622300A5E535 /* GoogleService-Info (2).plist */; };
		6EFE0B3421C16ED8008160FA /* InstanceID.swift in Sources */ = {isa = PBXBuildFile; fileRef = 6EFE0B3321C16ED8008160FA /* InstanceID.swift */; };
		6EFE0B3621C1708A008160FA /* InstanceIDResult.swift in Sources */ = {isa = PBXBuildFile; fileRef = 6EFE0B3521C1708A008160FA /* InstanceIDResult.swift */; };
		8CD90E1821FBA0FE735FC94B /* libPods-NotificationCenter.a in Frameworks */ = {isa = PBXBuildFile; fileRef = DDC5834C830823108ECABEB6 /* libPods-NotificationCenter.a */; };
		D390F9320C553B58631F7348 /* libPods-Robotics.a in Frameworks */ = {isa = PBXBuildFile; fileRef = 824F490E87B6759534AB55E0 /* libPods-Robotics.a */; };
/* End PBXBuildFile section */

/* Begin PBXContainerItemProxy section */
		6EB6C79C21F2335800AF143A /* PBXContainerItemProxy */ = {
			isa = PBXContainerItemProxy;
			containerPortal = 6E4D79B92187591A00F8EEA0 /* Project object */;
			proxyType = 1;
			remoteGlobalIDString = 6EB6C79621F2335800AF143A;
			remoteInfo = NotificationCenter;
		};
/* End PBXContainerItemProxy section */

/* Begin PBXCopyFilesBuildPhase section */
		6EB6C7A221F2335800AF143A /* Embed App Extensions */ = {
			isa = PBXCopyFilesBuildPhase;
			buildActionMask = 2147483647;
			dstPath = "";
			dstSubfolderSpec = 13;
			files = (
				6EB6C79E21F2335800AF143A /* NotificationCenter.appex in Embed App Extensions */,
			);
			name = "Embed App Extensions";
			runOnlyForDeploymentPostprocessing = 0;
		};
/* End PBXCopyFilesBuildPhase section */

/* Begin PBXFileReference section */
		21C19DF27296D04573734C4E /* Pods-Robotics.release.xcconfig */ = {isa = PBXFileReference; includeInIndex = 1; lastKnownFileType = text.xcconfig; name = "Pods-Robotics.release.xcconfig"; path = "Pods/Target Support Files/Pods-Robotics/Pods-Robotics.release.xcconfig"; sourceTree = "<group>"; };
		6E4D79C12187591A00F8EEA0 /* Robotics.app */ = {isa = PBXFileReference; explicitFileType = wrapper.application; includeInIndex = 0; path = Robotics.app; sourceTree = BUILT_PRODUCTS_DIR; };
		6E4D79C42187591A00F8EEA0 /* AppDelegate.swift */ = {isa = PBXFileReference; lastKnownFileType = sourcecode.swift; path = AppDelegate.swift; sourceTree = "<group>"; };
		6E4D79C62187591A00F8EEA0 /* ViewController.swift */ = {isa = PBXFileReference; lastKnownFileType = sourcecode.swift; path = ViewController.swift; sourceTree = "<group>"; };
		6E4D79C92187591A00F8EEA0 /* Base */ = {isa = PBXFileReference; lastKnownFileType = file.storyboard; name = Base; path = Base.lproj/Main.storyboard; sourceTree = "<group>"; };
		6E4D79CB2187591C00F8EEA0 /* Assets.xcassets */ = {isa = PBXFileReference; lastKnownFileType = folder.assetcatalog; path = Assets.xcassets; sourceTree = "<group>"; };
		6E4D79CE2187591C00F8EEA0 /* Base */ = {isa = PBXFileReference; lastKnownFileType = file.storyboard; name = Base; path = Base.lproj/LaunchScreen.storyboard; sourceTree = "<group>"; };
		6E4D79D02187591C00F8EEA0 /* Info.plist */ = {isa = PBXFileReference; lastKnownFileType = text.plist.xml; path = Info.plist; sourceTree = "<group>"; };
		6E4D79D621875DD900F8EEA0 /* ProfileViewController.swift */ = {isa = PBXFileReference; lastKnownFileType = sourcecode.swift; path = ProfileViewController.swift; sourceTree = "<group>"; };
		6E60FE276D3235A27F7FB544 /* Pods-NotificationCenter.debug.xcconfig */ = {isa = PBXFileReference; includeInIndex = 1; lastKnownFileType = text.xcconfig; name = "Pods-NotificationCenter.debug.xcconfig"; path = "Pods/Target Support Files/Pods-NotificationCenter/Pods-NotificationCenter.debug.xcconfig"; sourceTree = "<group>"; };
		6E6835F2218CA2AB00D6D7B2 /* AdminViewController.swift */ = {isa = PBXFileReference; lastKnownFileType = sourcecode.swift; path = AdminViewController.swift; sourceTree = "<group>"; };
		6E715A3821B199370030BF8B /* en */ = {isa = PBXFileReference; lastKnownFileType = text.plist.strings; name = en; path = en.lproj/Main.strings; sourceTree = "<group>"; };
		6EA773E22195E8700069814B /* GoogleService-Info.plist */ = {isa = PBXFileReference; fileEncoding = 4; lastKnownFileType = text.plist.xml; path = "GoogleService-Info.plist"; sourceTree = SOURCE_ROOT; };
		6EA773E42195EAEE0069814B /* Robotics.entitlements */ = {isa = PBXFileReference; lastKnownFileType = text.plist.entitlements; path = Robotics.entitlements; sourceTree = "<group>"; };
		6EB6C79721F2335800AF143A /* NotificationCenter.appex */ = {isa = PBXFileReference; explicitFileType = "wrapper.app-extension"; includeInIndex = 0; path = NotificationCenter.appex; sourceTree = BUILT_PRODUCTS_DIR; };
		6EB6C79921F2335800AF143A /* NotificationService.swift */ = {isa = PBXFileReference; lastKnownFileType = sourcecode.swift; path = NotificationService.swift; sourceTree = "<group>"; };
		6EB6C79B21F2335800AF143A /* Info.plist */ = {isa = PBXFileReference; lastKnownFileType = text.plist.xml; path = Info.plist; sourceTree = "<group>"; };
		6ED6FCC321E6622300A5E535 /* GoogleService-Info (2).plist */ = {isa = PBXFileReference; fileEncoding = 4; lastKnownFileType = text.plist.xml; path = "GoogleService-Info (2).plist"; sourceTree = "<group>"; };
		6EFE0B3321C16ED8008160FA /* InstanceID.swift */ = {isa = PBXFileReference; lastKnownFileType = sourcecode.swift; path = InstanceID.swift; sourceTree = "<group>"; };
		6EFE0B3521C1708A008160FA /* InstanceIDResult.swift */ = {isa = PBXFileReference; lastKnownFileType = sourcecode.swift; path = InstanceIDResult.swift; sourceTree = "<group>"; };
		7C9BDF1C5E7082DD0CC3BC58 /* Pods-NotificationCenter.release.xcconfig */ = {isa = PBXFileReference; includeInIndex = 1; lastKnownFileType = text.xcconfig; name = "Pods-NotificationCenter.release.xcconfig"; path = "Pods/Target Support Files/Pods-NotificationCenter/Pods-NotificationCenter.release.xcconfig"; sourceTree = "<group>"; };
		824F490E87B6759534AB55E0 /* libPods-Robotics.a */ = {isa = PBXFileReference; explicitFileType = archive.ar; includeInIndex = 0; path = "libPods-Robotics.a"; sourceTree = BUILT_PRODUCTS_DIR; };
		89B56D8037AD3CE5FEBDF5C2 /* Pods-Robotics.debug.xcconfig */ = {isa = PBXFileReference; includeInIndex = 1; lastKnownFileType = text.xcconfig; name = "Pods-Robotics.debug.xcconfig"; path = "Pods/Target Support Files/Pods-Robotics/Pods-Robotics.debug.xcconfig"; sourceTree = "<group>"; };
		DDC5834C830823108ECABEB6 /* libPods-NotificationCenter.a */ = {isa = PBXFileReference; explicitFileType = archive.ar; includeInIndex = 0; path = "libPods-NotificationCenter.a"; sourceTree = BUILT_PRODUCTS_DIR; };
/* End PBXFileReference section */

/* Begin PBXFrameworksBuildPhase section */
		6E4D79BE2187591A00F8EEA0 /* Frameworks */ = {
			isa = PBXFrameworksBuildPhase;
			buildActionMask = 2147483647;
			files = (
				D390F9320C553B58631F7348 /* libPods-Robotics.a in Frameworks */,
			);
			runOnlyForDeploymentPostprocessing = 0;
		};
		6EB6C79421F2335800AF143A /* Frameworks */ = {
			isa = PBXFrameworksBuildPhase;
			buildActionMask = 2147483647;
			files = (
				8CD90E1821FBA0FE735FC94B /* libPods-NotificationCenter.a in Frameworks */,
			);
			runOnlyForDeploymentPostprocessing = 0;
		};
/* End PBXFrameworksBuildPhase section */

/* Begin PBXGroup section */
		6E4D79B82187591A00F8EEA0 = {
			isa = PBXGroup;
			children = (
				6E4D79C32187591A00F8EEA0 /* Robotics */,
				6EB6C79821F2335800AF143A /* NotificationCenter */,
				6E4D79C22187591A00F8EEA0 /* Products */,
				E9103EA6A94C0779BDCFE12A /* Pods */,
				D522F7BDA90BDB309BF49470 /* Frameworks */,
			);
			sourceTree = "<group>";
		};
		6E4D79C22187591A00F8EEA0 /* Products */ = {
			isa = PBXGroup;
			children = (
				6E4D79C12187591A00F8EEA0 /* Robotics.app */,
				6EB6C79721F2335800AF143A /* NotificationCenter.appex */,
			);
			name = Products;
			sourceTree = "<group>";
		};
		6E4D79C32187591A00F8EEA0 /* Robotics */ = {
			isa = PBXGroup;
			children = (
				6EA773E42195EAEE0069814B /* Robotics.entitlements */,
				6ED6FCC321E6622300A5E535 /* GoogleService-Info (2).plist */,
				6E4D79C42187591A00F8EEA0 /* AppDelegate.swift */,
				6EFE0B3321C16ED8008160FA /* InstanceID.swift */,
				6EFE0B3521C1708A008160FA /* InstanceIDResult.swift */,
				6E4D79C62187591A00F8EEA0 /* ViewController.swift */,
				6E4D79D621875DD900F8EEA0 /* ProfileViewController.swift */,
				6E6835F2218CA2AB00D6D7B2 /* AdminViewController.swift */,
				6E4D79C82187591A00F8EEA0 /* Main.storyboard */,
				6E4D79CB2187591C00F8EEA0 /* Assets.xcassets */,
				6E4D79CD2187591C00F8EEA0 /* LaunchScreen.storyboard */,
				6E4D79D02187591C00F8EEA0 /* Info.plist */,
				6EA773E22195E8700069814B /* GoogleService-Info.plist */,
			);
			path = Robotics;
			sourceTree = "<group>";
		};
		6EB6C79821F2335800AF143A /* NotificationCenter */ = {
			isa = PBXGroup;
			children = (
				6EB6C79921F2335800AF143A /* NotificationService.swift */,
				6EB6C79B21F2335800AF143A /* Info.plist */,
			);
			path = NotificationCenter;
			sourceTree = "<group>";
		};
		D522F7BDA90BDB309BF49470 /* Frameworks */ = {
			isa = PBXGroup;
			children = (
				824F490E87B6759534AB55E0 /* libPods-Robotics.a */,
				DDC5834C830823108ECABEB6 /* libPods-NotificationCenter.a */,
			);
			name = Frameworks;
			sourceTree = "<group>";
		};
		E9103EA6A94C0779BDCFE12A /* Pods */ = {
			isa = PBXGroup;
			children = (
				89B56D8037AD3CE5FEBDF5C2 /* Pods-Robotics.debug.xcconfig */,
				21C19DF27296D04573734C4E /* Pods-Robotics.release.xcconfig */,
				6E60FE276D3235A27F7FB544 /* Pods-NotificationCenter.debug.xcconfig */,
				7C9BDF1C5E7082DD0CC3BC58 /* Pods-NotificationCenter.release.xcconfig */,
			);
			name = Pods;
			sourceTree = "<group>";
		};
/* End PBXGroup section */

/* Begin PBXNativeTarget section */
		6E4D79C02187591A00F8EEA0 /* Robotics */ = {
			isa = PBXNativeTarget;
			buildConfigurationList = 6E4D79D32187591C00F8EEA0 /* Build configuration list for PBXNativeTarget "Robotics" */;
			buildPhases = (
				E4B59505B172E6F90CDAFEBF /* [CP] Check Pods Manifest.lock */,
				6E4D79BD2187591A00F8EEA0 /* Sources */,
				6E4D79BE2187591A00F8EEA0 /* Frameworks */,
				6E4D79BF2187591A00F8EEA0 /* Resources */,
				A0C82E0B21BBE5FA2E423C56 /* [CP] Copy Pods Resources */,
				6EB6C7A221F2335800AF143A /* Embed App Extensions */,
			);
			buildRules = (
			);
			dependencies = (
				6EB6C79D21F2335800AF143A /* PBXTargetDependency */,
			);
			name = Robotics;
			productName = Robotics;
			productReference = 6E4D79C12187591A00F8EEA0 /* Robotics.app */;
			productType = "com.apple.product-type.application";
		};
		6EB6C79621F2335800AF143A /* NotificationCenter */ = {
			isa = PBXNativeTarget;
			buildConfigurationList = 6EB6C7A121F2335800AF143A /* Build configuration list for PBXNativeTarget "NotificationCenter" */;
			buildPhases = (
				02E139AABE94A6ED41B2CEC5 /* [CP] Check Pods Manifest.lock */,
				6EB6C79321F2335800AF143A /* Sources */,
				6EB6C79421F2335800AF143A /* Frameworks */,
				6EB6C79521F2335800AF143A /* Resources */,
			);
			buildRules = (
			);
			dependencies = (
			);
			name = NotificationCenter;
			productName = NotificationCenter;
			productReference = 6EB6C79721F2335800AF143A /* NotificationCenter.appex */;
			productType = "com.apple.product-type.app-extension";
		};
/* End PBXNativeTarget section */

/* Begin PBXProject section */
		6E4D79B92187591A00F8EEA0 /* Project object */ = {
			isa = PBXProject;
			attributes = {
				LastSwiftUpdateCheck = 1010;
				LastUpgradeCheck = 0940;
				ORGANIZATIONNAME = period3;
				TargetAttributes = {
					6E4D79C02187591A00F8EEA0 = {
						CreatedOnToolsVersion = 9.4.1;
						SystemCapabilities = {
							com.apple.BackgroundModes = {
								enabled = 1;
							};
							com.apple.Push = {
								enabled = 1;
							};
						};
					};
					6EB6C79621F2335800AF143A = {
						CreatedOnToolsVersion = 10.1;
					};
				};
			};
			buildConfigurationList = 6E4D79BC2187591A00F8EEA0 /* Build configuration list for PBXProject "Robotics" */;
			compatibilityVersion = "Xcode 9.3";
			developmentRegion = en;
			hasScannedForEncodings = 0;
			knownRegions = (
				en,
				Base,
			);
			mainGroup = 6E4D79B82187591A00F8EEA0;
			productRefGroup = 6E4D79C22187591A00F8EEA0 /* Products */;
			projectDirPath = "";
			projectRoot = "";
			targets = (
				6E4D79C02187591A00F8EEA0 /* Robotics */,
				6EB6C79621F2335800AF143A /* NotificationCenter */,
			);
		};
/* End PBXProject section */

/* Begin PBXResourcesBuildPhase section */
		6E4D79BF2187591A00F8EEA0 /* Resources */ = {
			isa = PBXResourcesBuildPhase;
			buildActionMask = 2147483647;
			files = (
				6E4D79CF2187591C00F8EEA0 /* LaunchScreen.storyboard in Resources */,
				6EA773E32195E8700069814B /* GoogleService-Info.plist in Resources */,
				6E4D79CC2187591C00F8EEA0 /* Assets.xcassets in Resources */,
				6ED6FCC421E6622300A5E535 /* GoogleService-Info (2).plist in Resources */,
				6E4D79CA2187591A00F8EEA0 /* Main.storyboard in Resources */,
			);
			runOnlyForDeploymentPostprocessing = 0;
		};
		6EB6C79521F2335800AF143A /* Resources */ = {
			isa = PBXResourcesBuildPhase;
			buildActionMask = 2147483647;
			files = (
			);
			runOnlyForDeploymentPostprocessing = 0;
		};
/* End PBXResourcesBuildPhase section */

/* Begin PBXShellScriptBuildPhase section */
		02E139AABE94A6ED41B2CEC5 /* [CP] Check Pods Manifest.lock */ = {
			isa = PBXShellScriptBuildPhase;
			buildActionMask = 2147483647;
			files = (
			);
			inputFileListPaths = (
			);
			inputPaths = (
				"${PODS_PODFILE_DIR_PATH}/Podfile.lock",
				"${PODS_ROOT}/Manifest.lock",
			);
			name = "[CP] Check Pods Manifest.lock";
			outputFileListPaths = (
			);
			outputPaths = (
				"$(DERIVED_FILE_DIR)/Pods-NotificationCenter-checkManifestLockResult.txt",
			);
			runOnlyForDeploymentPostprocessing = 0;
			shellPath = /bin/sh;
			shellScript = "diff \"${PODS_PODFILE_DIR_PATH}/Podfile.lock\" \"${PODS_ROOT}/Manifest.lock\" > /dev/null\nif [ $? != 0 ] ; then\n    # print error to STDERR\n    echo \"error: The sandbox is not in sync with the Podfile.lock. Run 'pod install' or update your CocoaPods installation.\" >&2\n    exit 1\nfi\n# This output is used by Xcode 'outputs' to avoid re-running this script phase.\necho \"SUCCESS\" > \"${SCRIPT_OUTPUT_FILE_0}\"\n";
			showEnvVarsInLog = 0;
		};
		A0C82E0B21BBE5FA2E423C56 /* [CP] Copy Pods Resources */ = {
			isa = PBXShellScriptBuildPhase;
			buildActionMask = 2147483647;
			files = (
			);
			inputFileListPaths = (
			);
			inputPaths = (
				"${SRCROOT}/Pods/Target Support Files/Pods-Robotics/Pods-Robotics-resources.sh",
				"${PODS_CONFIGURATION_BUILD_DIR}/FirebaseFirestore/gRPCCertificates-Firestore.bundle",
			);
			name = "[CP] Copy Pods Resources";
			outputFileListPaths = (
			);
			outputPaths = (
				"${TARGET_BUILD_DIR}/${UNLOCALIZED_RESOURCES_FOLDER_PATH}/gRPCCertificates-Firestore.bundle",
			);
			runOnlyForDeploymentPostprocessing = 0;
			shellPath = /bin/sh;
			shellScript = "\"${SRCROOT}/Pods/Target Support Files/Pods-Robotics/Pods-Robotics-resources.sh\"\n";
			showEnvVarsInLog = 0;
		};
		E4B59505B172E6F90CDAFEBF /* [CP] Check Pods Manifest.lock */ = {
			isa = PBXShellScriptBuildPhase;
			buildActionMask = 2147483647;
			files = (
			);
			inputPaths = (
				"${PODS_PODFILE_DIR_PATH}/Podfile.lock",
				"${PODS_ROOT}/Manifest.lock",
			);
			name = "[CP] Check Pods Manifest.lock";
			outputPaths = (
				"$(DERIVED_FILE_DIR)/Pods-Robotics-checkManifestLockResult.txt",
			);
			runOnlyForDeploymentPostprocessing = 0;
			shellPath = /bin/sh;
			shellScript = "diff \"${PODS_PODFILE_DIR_PATH}/Podfile.lock\" \"${PODS_ROOT}/Manifest.lock\" > /dev/null\nif [ $? != 0 ] ; then\n    # print error to STDERR\n    echo \"error: The sandbox is not in sync with the Podfile.lock. Run 'pod install' or update your CocoaPods installation.\" >&2\n    exit 1\nfi\n# This output is used by Xcode 'outputs' to avoid re-running this script phase.\necho \"SUCCESS\" > \"${SCRIPT_OUTPUT_FILE_0}\"\n";
			showEnvVarsInLog = 0;
		};
/* End PBXShellScriptBuildPhase section */

/* Begin PBXSourcesBuildPhase section */
		6E4D79BD2187591A00F8EEA0 /* Sources */ = {
			isa = PBXSourcesBuildPhase;
			buildActionMask = 2147483647;
			files = (
				6EFE0B3421C16ED8008160FA /* InstanceID.swift in Sources */,
				6E6835F3218CA2AB00D6D7B2 /* AdminViewController.swift in Sources */,
				6EFE0B3621C1708A008160FA /* InstanceIDResult.swift in Sources */,
				6E4D79D721875DD900F8EEA0 /* ProfileViewController.swift in Sources */,
				6E4D79C72187591A00F8EEA0 /* ViewController.swift in Sources */,
				6E4D79C52187591A00F8EEA0 /* AppDelegate.swift in Sources */,
			);
			runOnlyForDeploymentPostprocessing = 0;
		};
		6EB6C79321F2335800AF143A /* Sources */ = {
			isa = PBXSourcesBuildPhase;
			buildActionMask = 2147483647;
			files = (
				6EB6C79A21F2335800AF143A /* NotificationService.swift in Sources */,
			);
			runOnlyForDeploymentPostprocessing = 0;
		};
/* End PBXSourcesBuildPhase section */

/* Begin PBXTargetDependency section */
		6EB6C79D21F2335800AF143A /* PBXTargetDependency */ = {
			isa = PBXTargetDependency;
			target = 6EB6C79621F2335800AF143A /* NotificationCenter */;
			targetProxy = 6EB6C79C21F2335800AF143A /* PBXContainerItemProxy */;
		};
/* End PBXTargetDependency section */

/* Begin PBXVariantGroup section */
		6E4D79C82187591A00F8EEA0 /* Main.storyboard */ = {
			isa = PBXVariantGroup;
			children = (
				6E4D79C92187591A00F8EEA0 /* Base */,
				6E715A3821B199370030BF8B /* en */,
			);
			name = Main.storyboard;
			sourceTree = "<group>";
		};
		6E4D79CD2187591C00F8EEA0 /* LaunchScreen.storyboard */ = {
			isa = PBXVariantGroup;
			children = (
				6E4D79CE2187591C00F8EEA0 /* Base */,
			);
			name = LaunchScreen.storyboard;
			sourceTree = "<group>";
		};
/* End PBXVariantGroup section */

/* Begin XCBuildConfiguration section */
		6E4D79D12187591C00F8EEA0 /* Debug */ = {
			isa = XCBuildConfiguration;
			buildSettings = {
				ALWAYS_SEARCH_USER_PATHS = NO;
				CLANG_ANALYZER_NONNULL = YES;
				CLANG_ANALYZER_NUMBER_OBJECT_CONVERSION = YES_AGGRESSIVE;
				CLANG_CXX_LANGUAGE_STANDARD = "gnu++14";
				CLANG_CXX_LIBRARY = "libc++";
				CLANG_ENABLE_MODULES = YES;
				CLANG_ENABLE_OBJC_ARC = YES;
				CLANG_ENABLE_OBJC_WEAK = YES;
				CLANG_WARN_BLOCK_CAPTURE_AUTORELEASING = YES;
				CLANG_WARN_BOOL_CONVERSION = YES;
				CLANG_WARN_COMMA = YES;
				CLANG_WARN_CONSTANT_CONVERSION = YES;
				CLANG_WARN_DEPRECATED_OBJC_IMPLEMENTATIONS = YES;
				CLANG_WARN_DIRECT_OBJC_ISA_USAGE = YES_ERROR;
				CLANG_WARN_DOCUMENTATION_COMMENTS = YES;
				CLANG_WARN_EMPTY_BODY = YES;
				CLANG_WARN_ENUM_CONVERSION = YES;
				CLANG_WARN_INFINITE_RECURSION = YES;
				CLANG_WARN_INT_CONVERSION = YES;
				CLANG_WARN_NON_LITERAL_NULL_CONVERSION = YES;
				CLANG_WARN_OBJC_IMPLICIT_RETAIN_SELF = YES;
				CLANG_WARN_OBJC_LITERAL_CONVERSION = YES;
				CLANG_WARN_OBJC_ROOT_CLASS = YES_ERROR;
				CLANG_WARN_RANGE_LOOP_ANALYSIS = YES;
				CLANG_WARN_STRICT_PROTOTYPES = YES;
				CLANG_WARN_SUSPICIOUS_MOVE = YES;
				CLANG_WARN_UNGUARDED_AVAILABILITY = YES_AGGRESSIVE;
				CLANG_WARN_UNREACHABLE_CODE = YES;
				CLANG_WARN__DUPLICATE_METHOD_MATCH = YES;
				CODE_SIGN_IDENTITY = "iPhone Developer";
				COPY_PHASE_STRIP = NO;
				DEBUG_INFORMATION_FORMAT = dwarf;
				ENABLE_STRICT_OBJC_MSGSEND = YES;
				ENABLE_TESTABILITY = YES;
				GCC_C_LANGUAGE_STANDARD = gnu11;
				GCC_DYNAMIC_NO_PIC = NO;
				GCC_NO_COMMON_BLOCKS = YES;
				GCC_OPTIMIZATION_LEVEL = 0;
				GCC_PREPROCESSOR_DEFINITIONS = (
					"DEBUG=1",
					"$(inherited)",
				);
				GCC_WARN_64_TO_32_BIT_CONVERSION = YES;
				GCC_WARN_ABOUT_RETURN_TYPE = YES_ERROR;
				GCC_WARN_UNDECLARED_SELECTOR = YES;
				GCC_WARN_UNINITIALIZED_AUTOS = YES_AGGRESSIVE;
				GCC_WARN_UNUSED_FUNCTION = YES;
				GCC_WARN_UNUSED_VARIABLE = YES;
				IPHONEOS_DEPLOYMENT_TARGET = 12.1;
				MTL_ENABLE_DEBUG_INFO = YES;
				ONLY_ACTIVE_ARCH = YES;
				SDKROOT = iphoneos;
				SWIFT_ACTIVE_COMPILATION_CONDITIONS = DEBUG;
				SWIFT_OPTIMIZATION_LEVEL = "-Onone";
			};
			name = Debug;
		};
		6E4D79D22187591C00F8EEA0 /* Release */ = {
			isa = XCBuildConfiguration;
			buildSettings = {
				ALWAYS_SEARCH_USER_PATHS = NO;
				CLANG_ANALYZER_NONNULL = YES;
				CLANG_ANALYZER_NUMBER_OBJECT_CONVERSION = YES_AGGRESSIVE;
				CLANG_CXX_LANGUAGE_STANDARD = "gnu++14";
				CLANG_CXX_LIBRARY = "libc++";
				CLANG_ENABLE_MODULES = YES;
				CLANG_ENABLE_OBJC_ARC = YES;
				CLANG_ENABLE_OBJC_WEAK = YES;
				CLANG_WARN_BLOCK_CAPTURE_AUTORELEASING = YES;
				CLANG_WARN_BOOL_CONVERSION = YES;
				CLANG_WARN_COMMA = YES;
				CLANG_WARN_CONSTANT_CONVERSION = YES;
				CLANG_WARN_DEPRECATED_OBJC_IMPLEMENTATIONS = YES;
				CLANG_WARN_DIRECT_OBJC_ISA_USAGE = YES_ERROR;
				CLANG_WARN_DOCUMENTATION_COMMENTS = YES;
				CLANG_WARN_EMPTY_BODY = YES;
				CLANG_WARN_ENUM_CONVERSION = YES;
				CLANG_WARN_INFINITE_RECURSION = YES;
				CLANG_WARN_INT_CONVERSION = YES;
				CLANG_WARN_NON_LITERAL_NULL_CONVERSION = YES;
				CLANG_WARN_OBJC_IMPLICIT_RETAIN_SELF = YES;
				CLANG_WARN_OBJC_LITERAL_CONVERSION = YES;
				CLANG_WARN_OBJC_ROOT_CLASS = YES_ERROR;
				CLANG_WARN_RANGE_LOOP_ANALYSIS = YES;
				CLANG_WARN_STRICT_PROTOTYPES = YES;
				CLANG_WARN_SUSPICIOUS_MOVE = YES;
				CLANG_WARN_UNGUARDED_AVAILABILITY = YES_AGGRESSIVE;
				CLANG_WARN_UNREACHABLE_CODE = YES;
				CLANG_WARN__DUPLICATE_METHOD_MATCH = YES;
				CODE_SIGN_IDENTITY = "iPhone Developer";
				COPY_PHASE_STRIP = NO;
				DEBUG_INFORMATION_FORMAT = "dwarf-with-dsym";
				ENABLE_NS_ASSERTIONS = NO;
				ENABLE_STRICT_OBJC_MSGSEND = YES;
				GCC_C_LANGUAGE_STANDARD = gnu11;
				GCC_NO_COMMON_BLOCKS = YES;
				GCC_WARN_64_TO_32_BIT_CONVERSION = YES;
				GCC_WARN_ABOUT_RETURN_TYPE = YES_ERROR;
				GCC_WARN_UNDECLARED_SELECTOR = YES;
				GCC_WARN_UNINITIALIZED_AUTOS = YES_AGGRESSIVE;
				GCC_WARN_UNUSED_FUNCTION = YES;
				GCC_WARN_UNUSED_VARIABLE = YES;
				IPHONEOS_DEPLOYMENT_TARGET = 12.1;
				MTL_ENABLE_DEBUG_INFO = NO;
				SDKROOT = iphoneos;
				SWIFT_COMPILATION_MODE = wholemodule;
				SWIFT_OPTIMIZATION_LEVEL = "-O";
				VALIDATE_PRODUCT = YES;
			};
			name = Release;
		};
		6E4D79D42187591C00F8EEA0 /* Debug */ = {
			isa = XCBuildConfiguration;
			baseConfigurationReference = 89B56D8037AD3CE5FEBDF5C2 /* Pods-Robotics.debug.xcconfig */;
			buildSettings = {
				ALWAYS_EMBED_SWIFT_STANDARD_LIBRARIES = YES;
				ASSETCATALOG_COMPILER_APPICON_NAME = AppIcon;
				CODE_SIGN_ENTITLEMENTS = Robotics/Robotics.entitlements;
				CODE_SIGN_IDENTITY = "iPhone Developer";
				CODE_SIGN_STYLE = Automatic;
				DEVELOPMENT_TEAM = BWYT76Q3DS;
				INFOPLIST_FILE = Robotics/Info.plist;
				IPHONEOS_DEPLOYMENT_TARGET = 12.1;
				LD_RUNPATH_SEARCH_PATHS = (
					"$(inherited)",
					"@executable_path/Frameworks",
				);
				PRODUCT_BUNDLE_IDENTIFIER = Brooks.Roboticssss;
				PRODUCT_NAME = "$(TARGET_NAME)";
				PROVISIONING_PROFILE_SPECIFIER = "";
				SWIFT_VERSION = 4.0;
				TARGETED_DEVICE_FAMILY = "1,2";
			};
			name = Debug;
		};
		6E4D79D52187591C00F8EEA0 /* Release */ = {
			isa = XCBuildConfiguration;
			baseConfigurationReference = 21C19DF27296D04573734C4E /* Pods-Robotics.release.xcconfig */;
			buildSettings = {
				ALWAYS_EMBED_SWIFT_STANDARD_LIBRARIES = YES;
				ASSETCATALOG_COMPILER_APPICON_NAME = AppIcon;
				CODE_SIGN_ENTITLEMENTS = Robotics/Robotics.entitlements;
				CODE_SIGN_IDENTITY = "iPhone Developer";
				CODE_SIGN_STYLE = Automatic;
				DEVELOPMENT_TEAM = BWYT76Q3DS;
				INFOPLIST_FILE = Robotics/Info.plist;
				IPHONEOS_DEPLOYMENT_TARGET = 12.1;
				LD_RUNPATH_SEARCH_PATHS = (
					"$(inherited)",
					"@executable_path/Frameworks",
				);
				PRODUCT_BUNDLE_IDENTIFIER = Brooks.Roboticssss;
				PRODUCT_NAME = "$(TARGET_NAME)";
				PROVISIONING_PROFILE_SPECIFIER = "";
				SWIFT_VERSION = 4.0;
				TARGETED_DEVICE_FAMILY = "1,2";
			};
			name = Release;
		};
		6EB6C79F21F2335800AF143A /* Debug */ = {
			isa = XCBuildConfiguration;
			baseConfigurationReference = 6E60FE276D3235A27F7FB544 /* Pods-NotificationCenter.debug.xcconfig */;
			buildSettings = {
				CODE_SIGN_IDENTITY = "iPhone Developer";
				CODE_SIGN_STYLE = Automatic;
				DEVELOPMENT_TEAM = BWYT76Q3DS;
				INFOPLIST_FILE = NotificationCenter/Info.plist;
				IPHONEOS_DEPLOYMENT_TARGET = 12.1;
				LD_RUNPATH_SEARCH_PATHS = (
					"$(inherited)",
					"@executable_path/Frameworks",
					"@executable_path/../../Frameworks",
				);
				MTL_ENABLE_DEBUG_INFO = INCLUDE_SOURCE;
				MTL_FAST_MATH = YES;
				PRODUCT_BUNDLE_IDENTIFIER = Brooks.Roboticssss.NotificationCenter;
				PRODUCT_NAME = "$(TARGET_NAME)";
				SKIP_INSTALL = YES;
				SWIFT_VERSION = 4.2;
				TARGETED_DEVICE_FAMILY = "1,2";
			};
			name = Debug;
		};
		6EB6C7A021F2335800AF143A /* Release */ = {
			isa = XCBuildConfiguration;
			baseConfigurationReference = 7C9BDF1C5E7082DD0CC3BC58 /* Pods-NotificationCenter.release.xcconfig */;
			buildSettings = {
				CODE_SIGN_IDENTITY = "iPhone Developer";
				CODE_SIGN_STYLE = Automatic;
				DEVELOPMENT_TEAM = BWYT76Q3DS;
				INFOPLIST_FILE = NotificationCenter/Info.plist;
				IPHONEOS_DEPLOYMENT_TARGET = 12.1;
				LD_RUNPATH_SEARCH_PATHS = (
					"$(inherited)",
					"@executable_path/Frameworks",
					"@executable_path/../../Frameworks",
				);
				MTL_FAST_MATH = YES;
				PRODUCT_BUNDLE_IDENTIFIER = Brooks.Roboticssss.NotificationCenter;
				PRODUCT_NAME = "$(TARGET_NAME)";
				SKIP_INSTALL = YES;
				SWIFT_VERSION = 4.2;
				TARGETED_DEVICE_FAMILY = "1,2";
			};
			name = Release;
		};
/* End XCBuildConfiguration section */

/* Begin XCConfigurationList section */
		6E4D79BC2187591A00F8EEA0 /* Build configuration list for PBXProject "Robotics" */ = {
			isa = XCConfigurationList;
			buildConfigurations = (
				6E4D79D12187591C00F8EEA0 /* Debug */,
				6E4D79D22187591C00F8EEA0 /* Release */,
			);
			defaultConfigurationIsVisible = 0;
			defaultConfigurationName = Release;
		};
		6E4D79D32187591C00F8EEA0 /* Build configuration list for PBXNativeTarget "Robotics" */ = {
			isa = XCConfigurationList;
			buildConfigurations = (
				6E4D79D42187591C00F8EEA0 /* Debug */,
				6E4D79D52187591C00F8EEA0 /* Release */,
			);
			defaultConfigurationIsVisible = 0;
			defaultConfigurationName = Release;
		};
		6EB6C7A121F2335800AF143A /* Build configuration list for PBXNativeTarget "NotificationCenter" */ = {
			isa = XCConfigurationList;
			buildConfigurations = (
				6EB6C79F21F2335800AF143A /* Debug */,
				6EB6C7A021F2335800AF143A /* Release */,
			);
			defaultConfigurationIsVisible = 0;
			defaultConfigurationName = Release;
		};
/* End XCConfigurationList section */
	};
	rootObject = 6E4D79B92187591A00F8EEA0 /* Project object */;
}
